
Microsoft Visual Studio Solution File, Format Version 12.00
# Visual Studio Version 17
VisualStudioVersion = 17.13.35828.75 d17.13
MinimumVisualStudioVersion = 10.0.40219.1
Project("{FAE04EC0-301F-11D3-BF4B-00C04F79EFBC}") = "ARMS-web-utm", "ARMS-web-utm.csproj", "{CC32756C-F8AF-42F9-B665-3DE188D871A4}"
EndProject
Global
	GlobalSection(SolutionConfigurationPlatforms) = preSolution
		Debug|Any CPU = Debug|Any CPU
		Release|Any CPU = Release|Any CPU
	EndGlobalSection
	GlobalSection(ProjectConfigurationPlatforms) = postSolution
		{CC32756C-F8AF-42F9-B665-3DE188D871A4}.Debug|Any CPU.ActiveCfg = Debug|Any CPU
		{CC32756C-F8AF-42F9-B665-3DE188D871A4}.Debug|Any CPU.Build.0 = Debug|Any CPU
		{CC32756C-F8AF-42F9-B665-3DE188D871A4}.Release|Any CPU.ActiveCfg = Release|Any CPU
		{CC32756C-F8AF-42F9-B665-3DE188D871A4}.Release|Any CPU.Build.0 = Release|Any CPU
	EndGlobalSection
	GlobalSection(SolutionProperties) = preSolution
		HideSolutionNode = FALSE
	EndGlobalSection
	GlobalSection(ExtensibilityGlobals) = postSolution
		SolutionGuid = {50D9B06B-D0A2-4AD6-8985-D1DB6257AD52}
	EndGlobalSection
EndGlobal
